
Microsoft Visual Studio Solution File, Format Version 12.00
# Visual Studio Version 17
VisualStudioVersion = 17.2.32516.85
MinimumVisualStudioVersion = 10.0.40219.1
Project("{54A90642-561A-4BB1-A94E-469ADEE60C69}") = "FrontEnd", "FrontEnd\FrontEnd.esproj", "{B551B8E3-1932-4818-BFE0-0A15A8A26B21}"
EndProject
Project("{FAE04EC0-301F-11D3-BF4B-00C04F79EFBC}") = "Backend", "Backend\Backend.csproj", "{BEC3818B-2A65-4DA9-9467-12A730EE9115}"
EndProject
Global
	GlobalSection(SolutionConfigurationPlatforms) = preSolution
		Debug|Any CPU = Debug|Any CPU
		Release|Any CPU = Release|Any CPU
	EndGlobalSection
	GlobalSection(ProjectConfigurationPlatforms) = postSolution
		{B551B8E3-1932-4818-BFE0-0A15A8A26B21}.Debug|Any CPU.ActiveCfg = Debug|Any CPU
		{B551B8E3-1932-4818-BFE0-0A15A8A26B21}.Debug|Any CPU.Build.0 = Debug|Any CPU
		{B551B8E3-1932-4818-BFE0-0A15A8A26B21}.Debug|Any CPU.Deploy.0 = Debug|Any CPU
		{B551B8E3-1932-4818-BFE0-0A15A8A26B21}.Release|Any CPU.ActiveCfg = Release|Any CPU
		{B551B8E3-1932-4818-BFE0-0A15A8A26B21}.Release|Any CPU.Build.0 = Release|Any CPU
		{B551B8E3-1932-4818-BFE0-0A15A8A26B21}.Release|Any CPU.Deploy.0 = Release|Any CPU
		{BEC3818B-2A65-4DA9-9467-12A730EE9115}.Debug|Any CPU.ActiveCfg = Debug|Any CPU
		{BEC3818B-2A65-4DA9-9467-12A730EE9115}.Debug|Any CPU.Build.0 = Debug|Any CPU
		{BEC3818B-2A65-4DA9-9467-12A730EE9115}.Release|Any CPU.ActiveCfg = Release|Any CPU
		{BEC3818B-2A65-4DA9-9467-12A730EE9115}.Release|Any CPU.Build.0 = Release|Any CPU
	EndGlobalSection
	GlobalSection(SolutionProperties) = preSolution
		HideSolutionNode = FALSE
	EndGlobalSection
	GlobalSection(ExtensibilityGlobals) = postSolution
		SolutionGuid = {F4907622-90C3-4318-9F1D-524AE72DC510}
	EndGlobalSection
EndGlobal
